{
  "name": "glom-auth-api",
  "version": "1.0.0",
  "lockfileVersion": 3,
  "requires": true,
  "packages": {
    "": {
      "name": "glom-auth-api",
      "version": "1.0.0",
      "license": "MIT",
      "dependencies": {
        "express": "^4.21.0"
      }
    },
    "node_modules/express": {
      "version": "4.21.0",
      "resolved": "https://registry.npmjs.org/express/-/express-4.21.0.tgz",
      "integrity": "sha512-RX2JG0u…",
      "dependencies": {
        "body-parser": "~1.20.0",
        "content-type": "~1.0.4",
        "cookie": "0.6.0",
        "debug": "2.6.9",
        "qs": "6.11.0",
        "send": "0.18.0"
      }
    }
  }
}
